PODS:
  - GoogleMaps (2.5.0):
    - GoogleMaps/Maps (= 2.5.0)
  - GoogleMaps/Base (2.5.0)
  - GoogleMaps/Maps (2.5.0):
    - GoogleMaps/Base
  - GooglePlaces (2.5.0):
    - GoogleMaps/Base (= 2.5.0)
  - IQKeyboardManagerSwift (5.0.7)

DEPENDENCIES:
  - GoogleMaps
  - GooglePlaces
  - IQKeyboardManagerSwift

SPEC CHECKSUMS:
  GoogleMaps: c087b8e5dfe87ca6ebf59adb9b4894a4146bec4f
  GooglePlaces: dd70d9d71ea1c7944846afe67de3712c99b30a77
  IQKeyboardManagerSwift: 30fb3a61de1af53a95e02b80fb54ed0a19d5ede5

PODFILE CHECKSUM: 9bb3480aa1d330daeda366b8f1a7a7212a535ea8

COCOAPODS: 1.4.0
